
Microsoft Visual Studio Solution File, Format Version 12.00
# Visual Studio 15
VisualStudioVersion = 15.0.28010.2016
MinimumVisualStudioVersion = 10.0.40219.1
Project("{8BC9CEB8-8B4A-11D0-8D11-00A0C91BC942}") = "IdasDream", "IdasDream\IdasDream.vcxproj", "{A188FBE4-0A4A-4944-8FFC-1CED3B56077A}"
EndProject
Global
	GlobalSection(SolutionConfigurationPlatforms) = preSolution
		Debug|x64 = Debug|x64
		Debug|x86 = Debug|x86
		Release|x64 = Release|x64
		Release|x86 = Release|x86
	EndGlobalSection
	GlobalSection(ProjectConfigurationPlatforms) = postSolution
		{A188FBE4-0A4A-4944-8FFC-1CED3B56077A}.Debug|x64.ActiveCfg = Debug|x64
		{A188FBE4-0A4A-4944-8FFC-1CED3B56077A}.Debug|x64.Build.0 = Debug|x64
		{A188FBE4-0A4A-4944-8FFC-1CED3B56077A}.Debug|x86.ActiveCfg = Debug|x64
		{A188FBE4-0A4A-4944-8FFC-1CED3B56077A}.Release|x64.ActiveCfg = Release|x64
		{A188FBE4-0A4A-4944-8FFC-1CED3B56077A}.Release|x64.Build.0 = Release|x64
		{A188FBE4-0A4A-4944-8FFC-1CED3B56077A}.Release|x86.ActiveCfg = Release|x64
	EndGlobalSection
	GlobalSection(SolutionProperties) = preSolution
		HideSolutionNode = FALSE
	EndGlobalSection
	GlobalSection(ExtensibilityGlobals) = postSolution
		SolutionGuid = {32CBCAF4-C291-402E-86EF-584F7C0D1F19}
	EndGlobalSection
EndGlobal
