<?xml version="1.0" encoding="utf-8"?>
<Project ToolsVersion="4.0" xmlns="http://schemas.microsoft.com/developer/msbuild/2003">
  <ItemGroup>
    <Filter Include="Source Files">
      <UniqueIdentifier>{4FC737F1-C7A5-4376-A066-2A32D752A2FF}</UniqueIdentifier>
      <Extensions>cpp;c;cc;cxx;def;odl;idl;hpj;bat;asm;asmx</Extensions>
    </Filter>
    <Filter Include="Header Files">
      <UniqueIdentifier>{93995380-89BD-4b04-88EB-625FBE52EBFB}</UniqueIdentifier>
      <Extensions>h;hh;hpp;hxx;hm;inl;inc;ipp;xsd</Extensions>
    </Filter>
    <Filter Include="Resource Files">
      <UniqueIdentifier>{67DA6AB6-F800-4c08-8B7A-83BB121AAD01}</UniqueIdentifier>
      <Extensions>rc;ico;cur;bmp;dlg;rc2;rct;bin;rgs;gif;jpg;jpeg;jpe;resx;tiff;tif;png;wav;mfcribbon-ms</Extensions>
    </Filter>
    <Filter Include="Source Files\Shader">
      <UniqueIdentifier>{77cdd8cf-c8c1-477f-b862-b502de7e1471}</UniqueIdentifier>
    </Filter>
  </ItemGroup>
  <ItemGroup>
    <ClInclude Include="pch.h">
      <Filter>Header Files</Filter>
    </ClInclude>
    <ClInclude Include="IdasDream.h">
      <Filter>Header Files</Filter>
    </ClInclude>
    <ClInclude Include="Extensions.h">
      <Filter>Header Files</Filter>
    </ClInclude>
    <ClInclude Include="Importer.h">
      <Filter>Header Files</Filter>
    </ClInclude>
    <ClInclude Include="SceneObject.h">
      <Filter>Header Files</Filter>
    </ClInclude>
    <ClInclude Include="Material.h">
      <Filter>Header Files</Filter>
    </ClInclude>
    <ClInclude Include="ShaderManager.h">
      <Filter>Header Files</Filter>
    </ClInclude>
    <ClInclude Include="Light.h">
      <Filter>Header Files</Filter>
    </ClInclude>
    <ClInclude Include="Data.h">
      <Filter>Header Files</Filter>
    </ClInclude>
    <ClInclude Include="Hierachy.h">
      <Filter>Header Files</Filter>
    </ClInclude>
    <ClInclude Include="Animation.h">
      <Filter>Header Files</Filter>
    </ClInclude>
    <ClInclude Include="AnimatedCamera.h">
      <Filter>Header Files</Filter>
    </ClInclude>
    <ClInclude Include="Bones.h">
      <Filter>Header Files</Filter>
    </ClInclude>
    <ClInclude Include="ArmatureObject.h">
      <Filter>Header Files</Filter>
    </ClInclude>
    <ClInclude Include="Particles.h">
      <Filter>Header Files</Filter>
    </ClInclude>
    <ClInclude Include="ParticleObject.h">
      <Filter>Header Files</Filter>
    </ClInclude>
  </ItemGroup>
  <ItemGroup>
    <ClCompile Include="pch.cpp">
      <Filter>Source Files</Filter>
    </ClCompile>
    <ClCompile Include="Main.cpp">
      <Filter>Source Files</Filter>
    </ClCompile>
    <ClCompile Include="IdasDream.cpp">
      <Filter>Source Files</Filter>
    </ClCompile>
    <ClCompile Include="Extensions.cpp">
      <Filter>Source Files</Filter>
    </ClCompile>
    <ClCompile Include="Importer.cpp">
      <Filter>Source Files</Filter>
    </ClCompile>
    <ClCompile Include="SceneObject.cpp">
      <Filter>Source Files</Filter>
    </ClCompile>
    <ClCompile Include="Material.cpp">
      <Filter>Source Files</Filter>
    </ClCompile>
    <ClCompile Include="ShaderManager.cpp">
      <Filter>Source Files</Filter>
    </ClCompile>
    <ClCompile Include="Hierachy.cpp">
      <Filter>Source Files</Filter>
    </ClCompile>
    <ClCompile Include="Animation.cpp">
      <Filter>Source Files</Filter>
    </ClCompile>
    <ClCompile Include="AnimatedCamera.cpp">
      <Filter>Source Files</Filter>
    </ClCompile>
    <ClCompile Include="Bones.cpp">
      <Filter>Source Files</Filter>
    </ClCompile>
    <ClCompile Include="ArmatureObject.cpp">
      <Filter>Source Files</Filter>
    </ClCompile>
    <ClCompile Include="Particles.cpp">
      <Filter>Source Files</Filter>
    </ClCompile>
    <ClCompile Include="ParticleObject.cpp">
      <Filter>Source Files</Filter>
    </ClCompile>
  </ItemGroup>
  <ItemGroup>
    <None Include="..\bin\assets\shader\phongPhong.frag">
      <Filter>Source Files\Shader</Filter>
    </None>
    <None Include="..\bin\assets\shader\phongPhong.vert">
      <Filter>Source Files\Shader</Filter>
    </None>
    <None Include="..\bin\assets\settings.ini">
      <Filter>Resource Files</Filter>
    </None>
    <None Include="..\bin\assets\animation.json">
      <Filter>Resource Files</Filter>
    </None>
    <None Include="..\bin\assets\shader\particles.frag">
      <Filter>Source Files\Shader</Filter>
    </None>
    <None Include="..\bin\assets\shader\particles.vert">
      <Filter>Source Files\Shader</Filter>
    </None>
    <None Include="..\bin\assets\shader\particles.comp">
      <Filter>Source Files\Shader</Filter>
    </None>
  </ItemGroup>
</Project>